
Microsoft Visual Studio Solution File, Format Version 12.00
Project("{FAE04EC0-301F-11D3-BF4B-00C04F79EFBC}") = "BigQuery.QueryBuilder", "BigQuery.QueryBuilder\BigQuery.QueryBuilder.csproj", "{7CA3F872-FF26-4CF2-9719-E1A9F0C74269}"
EndProject
Global
	GlobalSection(SolutionConfigurationPlatforms) = preSolution
		Debug|Any CPU = Debug|Any CPU
		Release|Any CPU = Release|Any CPU
	EndGlobalSection
	GlobalSection(ProjectConfigurationPlatforms) = postSolution
		{7CA3F872-FF26-4CF2-9719-E1A9F0C74269}.Debug|Any CPU.ActiveCfg = Debug|Any CPU
		{7CA3F872-FF26-4CF2-9719-E1A9F0C74269}.Debug|Any CPU.Build.0 = Debug|Any CPU
		{7CA3F872-FF26-4CF2-9719-E1A9F0C74269}.Release|Any CPU.ActiveCfg = Release|Any CPU
		{7CA3F872-FF26-4CF2-9719-E1A9F0C74269}.Release|Any CPU.Build.0 = Release|Any CPU
	EndGlobalSection
EndGlobal
